{
  "requires": true,
  "lockfileVersion": 1,
  "dependencies": {
    "@shahriyer/gitautomation": {
      "version": "2.0.5",
      "resolved": "https://registry.npmjs.org/@shahriyer/gitautomation/-/gitautomation-2.0.5.tgz",
      "integrity": "sha512-kSYr+GJDdDpXYjqQYc2B/kogPJRbBFPvug8ZonI3JM7O5PAGwJhH+7tmnCANfj3Y0DdxUZCSflYkH27+s3NotA=="
    }
  }
}
